
Microsoft Visual Studio Solution File, Format Version 12.00
# Visual Studio 15
VisualStudioVersion = 15.0.27703.2042
MinimumVisualStudioVersion = 10.0.40219.1
Project("{8BC9CEB8-8B4A-11D0-8D11-00A0C91BC942}") = "Game", "Game\Game.vcxproj", "{768F8227-DD45-4B44-93AA-1A2671FAC4B1}"
EndProject
Project("{8BC9CEB8-8B4A-11D0-8D11-00A0C91BC942}") = "A06 - Octree", "A06 - Octree\A06 - Octree.vcxproj", "{44D2C07B-798D-461B-9019-DFB240593888}"
EndProject
Global
	GlobalSection(SolutionConfigurationPlatforms) = preSolution
		Debug|x64 = Debug|x64
		Debug|x86 = Debug|x86
		Release|x64 = Release|x64
		Release|x86 = Release|x86
	EndGlobalSection
	GlobalSection(ProjectConfigurationPlatforms) = postSolution
		{768F8227-DD45-4B44-93AA-1A2671FAC4B1}.Debug|x64.ActiveCfg = Debug|x64
		{768F8227-DD45-4B44-93AA-1A2671FAC4B1}.Debug|x64.Build.0 = Debug|x64
		{768F8227-DD45-4B44-93AA-1A2671FAC4B1}.Debug|x86.ActiveCfg = Debug|Win32
		{768F8227-DD45-4B44-93AA-1A2671FAC4B1}.Debug|x86.Build.0 = Debug|Win32
		{768F8227-DD45-4B44-93AA-1A2671FAC4B1}.Release|x64.ActiveCfg = Release|x64
		{768F8227-DD45-4B44-93AA-1A2671FAC4B1}.Release|x64.Build.0 = Release|x64
		{768F8227-DD45-4B44-93AA-1A2671FAC4B1}.Release|x86.ActiveCfg = Release|Win32
		{768F8227-DD45-4B44-93AA-1A2671FAC4B1}.Release|x86.Build.0 = Release|Win32
		{44D2C07B-798D-461B-9019-DFB240593888}.Debug|x64.ActiveCfg = Debug|Win32
		{44D2C07B-798D-461B-9019-DFB240593888}.Debug|x86.ActiveCfg = Debug|Win32
		{44D2C07B-798D-461B-9019-DFB240593888}.Debug|x86.Build.0 = Debug|Win32
		{44D2C07B-798D-461B-9019-DFB240593888}.Release|x64.ActiveCfg = Release|Win32
		{44D2C07B-798D-461B-9019-DFB240593888}.Release|x86.ActiveCfg = Release|Win32
		{44D2C07B-798D-461B-9019-DFB240593888}.Release|x86.Build.0 = Release|Win32
	EndGlobalSection
	GlobalSection(SolutionProperties) = preSolution
		HideSolutionNode = FALSE
	EndGlobalSection
	GlobalSection(ExtensibilityGlobals) = postSolution
		SolutionGuid = {AC435812-5863-4572-A74D-F5A8DE2E344F}
	EndGlobalSection
EndGlobal
